
Microsoft Visual Studio Solution File, Format Version 12.00
# Visual Studio Version 16
VisualStudioVersion = 16.0.28922.388
MinimumVisualStudioVersion = 10.0.40219.1
Project("{FAE04EC0-301F-11D3-BF4B-00C04F79EFBC}") = "Simple Calculator", "Simple Calculator.csproj", "{1B4296C7-F062-4A5A-8D70-243FA9A6E56E}"
EndProject
Global
	GlobalSection(SolutionConfigurationPlatforms) = preSolution
		Debug|Any CPU = Debug|Any CPU
		Release|Any CPU = Release|Any CPU
	EndGlobalSection
	GlobalSection(ProjectConfigurationPlatforms) = postSolution
		{1B4296C7-F062-4A5A-8D70-243FA9A6E56E}.Debug|Any CPU.ActiveCfg = Debug|Any CPU
		{1B4296C7-F062-4A5A-8D70-243FA9A6E56E}.Debug|Any CPU.Build.0 = Debug|Any CPU
		{1B4296C7-F062-4A5A-8D70-243FA9A6E56E}.Release|Any CPU.ActiveCfg = Release|Any CPU
		{1B4296C7-F062-4A5A-8D70-243FA9A6E56E}.Release|Any CPU.Build.0 = Release|Any CPU
	EndGlobalSection
	GlobalSection(SolutionProperties) = preSolution
		HideSolutionNode = FALSE
	EndGlobalSection
	GlobalSection(ExtensibilityGlobals) = postSolution
		SolutionGuid = {6A6CC902-9AEC-4E64-A51D-36D0780934D4}
	EndGlobalSection
EndGlobal
